
Microsoft Visual Studio Solution File, Format Version 12.00
# Visual Studio Version 17
VisualStudioVersion = 17.14.36212.18 d17.14
MinimumVisualStudioVersion = 10.0.40219.1
Project("{888888A0-9F3D-457C-B088-3A5042F75D52}") = "ID.WeatherScreen", "ID.WeatherScreen.pyproj", "{A8925D8C-ABA6-44AF-8ECE-79B0795E53E0}"
EndProject
Global
	GlobalSection(SolutionConfigurationPlatforms) = preSolution
		Debug|Any CPU = Debug|Any CPU
		Release|Any CPU = Release|Any CPU
	EndGlobalSection
	GlobalSection(ProjectConfigurationPlatforms) = postSolution
		{A8925D8C-ABA6-44AF-8ECE-79B0795E53E0}.Debug|Any CPU.ActiveCfg = Debug|Any CPU
		{A8925D8C-ABA6-44AF-8ECE-79B0795E53E0}.Release|Any CPU.ActiveCfg = Release|Any CPU
	EndGlobalSection
	GlobalSection(SolutionProperties) = preSolution
		HideSolutionNode = FALSE
	EndGlobalSection
	GlobalSection(ExtensibilityGlobals) = postSolution
		SolutionGuid = {61F917F1-72D2-4629-904D-5519372B52B2}
	EndGlobalSection
EndGlobal
